
Microsoft Visual Studio Solution File, Format Version 12.00
# Visual Studio Version 16
VisualStudioVersion = 16.0.29306.81
MinimumVisualStudioVersion = 10.0.40219.1
Project("{FAE04EC0-301F-11D3-BF4B-00C04F79EFBC}") = "ProductManagement", "ProductManagement\ProductManagement.csproj", "{74A70196-DF31-4139-85D1-603C105C5F03}"
EndProject
Project("{FAE04EC0-301F-11D3-BF4B-00C04F79EFBC}") = "WebApi", "WebApi\WebApi.csproj", "{492AAF75-4477-464C-8D87-912B218AB556}"
EndProject
Project("{FAE04EC0-301F-11D3-BF4B-00C04F79EFBC}") = "UnitTestProject1", "UnitTestProject1\UnitTestProject1.csproj", "{ACD91FE2-C636-47AC-AE00-D84FF280C9C2}"
EndProject
Global
	GlobalSection(SolutionConfigurationPlatforms) = preSolution
		Debug|Any CPU = Debug|Any CPU
		Release|Any CPU = Release|Any CPU
	EndGlobalSection
	GlobalSection(ProjectConfigurationPlatforms) = postSolution
		{74A70196-DF31-4139-85D1-603C105C5F03}.Debug|Any CPU.ActiveCfg = Debug|Any CPU
		{74A70196-DF31-4139-85D1-603C105C5F03}.Debug|Any CPU.Build.0 = Debug|Any CPU
		{74A70196-DF31-4139-85D1-603C105C5F03}.Release|Any CPU.ActiveCfg = Release|Any CPU
		{74A70196-DF31-4139-85D1-603C105C5F03}.Release|Any CPU.Build.0 = Release|Any CPU
		{492AAF75-4477-464C-8D87-912B218AB556}.Debug|Any CPU.ActiveCfg = Debug|Any CPU
		{492AAF75-4477-464C-8D87-912B218AB556}.Debug|Any CPU.Build.0 = Debug|Any CPU
		{492AAF75-4477-464C-8D87-912B218AB556}.Release|Any CPU.ActiveCfg = Release|Any CPU
		{492AAF75-4477-464C-8D87-912B218AB556}.Release|Any CPU.Build.0 = Release|Any CPU
		{ACD91FE2-C636-47AC-AE00-D84FF280C9C2}.Debug|Any CPU.ActiveCfg = Debug|Any CPU
		{ACD91FE2-C636-47AC-AE00-D84FF280C9C2}.Debug|Any CPU.Build.0 = Debug|Any CPU
		{ACD91FE2-C636-47AC-AE00-D84FF280C9C2}.Release|Any CPU.ActiveCfg = Release|Any CPU
		{ACD91FE2-C636-47AC-AE00-D84FF280C9C2}.Release|Any CPU.Build.0 = Release|Any CPU
	EndGlobalSection
	GlobalSection(SolutionProperties) = preSolution
		HideSolutionNode = FALSE
	EndGlobalSection
	GlobalSection(ExtensibilityGlobals) = postSolution
		SolutionGuid = {1997D770-8691-43A2-A058-C06CBC169F86}
	EndGlobalSection
EndGlobal
